
Microsoft Visual Studio Solution File, Format Version 12.00
# Visual Studio Version 17
VisualStudioVersion = 17.10.35013.160
MinimumVisualStudioVersion = 10.0.40219.1
Project("{FAE04EC0-301F-11D3-BF4B-00C04F79EFBC}") = "Todo5834249", "Todo5834249\Todo5834249.csproj", "{F6F56999-0CD6-4283-B0A5-F51817F385C8}"
EndProject
Global
	GlobalSection(SolutionConfigurationPlatforms) = preSolution
		Debug|Any CPU = Debug|Any CPU
		Release|Any CPU = Release|Any CPU
	EndGlobalSection
	GlobalSection(ProjectConfigurationPlatforms) = postSolution
		{F6F56999-0CD6-4283-B0A5-F51817F385C8}.Debug|Any CPU.ActiveCfg = Debug|Any CPU
		{F6F56999-0CD6-4283-B0A5-F51817F385C8}.Debug|Any CPU.Build.0 = Debug|Any CPU
		{F6F56999-0CD6-4283-B0A5-F51817F385C8}.Debug|Any CPU.Deploy.0 = Debug|Any CPU
		{F6F56999-0CD6-4283-B0A5-F51817F385C8}.Release|Any CPU.ActiveCfg = Release|Any CPU
		{F6F56999-0CD6-4283-B0A5-F51817F385C8}.Release|Any CPU.Build.0 = Release|Any CPU
		{F6F56999-0CD6-4283-B0A5-F51817F385C8}.Release|Any CPU.Deploy.0 = Release|Any CPU
	EndGlobalSection
	GlobalSection(SolutionProperties) = preSolution
		HideSolutionNode = FALSE
	EndGlobalSection
	GlobalSection(ExtensibilityGlobals) = postSolution
		SolutionGuid = {6CF5A4C7-940F-41DB-99F5-127B68393961}
	EndGlobalSection
EndGlobal
